PODS:
  - flutter_volume_controller (0.0.1):
    - FlutterMacOS
  - FlutterMacOS (1.0.0)

DEPENDENCIES:
  - flutter_volume_controller (from `Flutter/ephemeral/.symlinks/plugins/flutter_volume_controller/macos`)
  - FlutterMacOS (from `Flutter/ephemeral`)

EXTERNAL SOURCES:
  flutter_volume_controller:
    :path: Flutter/ephemeral/.symlinks/plugins/flutter_volume_controller/macos
  FlutterMacOS:
    :path: Flutter/ephemeral

SPEC CHECKSUMS:
  flutter_volume_controller: 25d09126b0d695560f11c80b1311d5063fed882f
  FlutterMacOS: 57701585bf7de1b3fc2bb61f6378d73bbdea8424

PODFILE CHECKSUM: 6eac6b3292e5142cfc23bdeb71848a40ec51c14c

COCOAPODS: 1.11.3
